// !$*UTF8*$!
{
	archiveVersion = 1;
	classes = {
	};
	objectVersion = 50;
	objects = {

/* Begin PBXBuildFile section */
		160EACDA2552EE600012DCED /* AppDelegate.swift in Sources */ = {isa = PBXBuildFile; fileRef = 160EACD92552EE600012DCED /* AppDelegate.swift */; };
		160EACDC2552EE600012DCED /* SceneDelegate.swift in Sources */ = {isa = PBXBuildFile; fileRef = 160EACDB2552EE600012DCED /* SceneDelegate.swift */; };
		160EACDE2552EE600012DCED /* ViewController.swift in Sources */ = {isa = PBXBuildFile; fileRef = 160EACDD2552EE600012DCED /* ViewController.swift */; };
		160EACE12552EE600012DCED /* Main.storyboard in Resources */ = {isa = PBXBuildFile; fileRef = 160EACDF2552EE600012DCED /* Main.storyboard */; };
		160EACE32552EE610012DCED /* Assets.xcassets in Resources */ = {isa = PBXBuildFile; fileRef = 160EACE22552EE610012DCED /* Assets.xcassets */; };
		160EACE62552EE610012DCED /* LaunchScreen.storyboard in Resources */ = {isa = PBXBuildFile; fileRef = 160EACE42552EE610012DCED /* LaunchScreen.storyboard */; };
		1643437B257173480064B20E /* NotesDataModel.xcdatamodeld in Sources */ = {isa = PBXBuildFile; fileRef = 16434379257173480064B20E /* NotesDataModel.xcdatamodeld */; };
		16633949255488B5005C92FC /* NotesBrain.swift in Sources */ = {isa = PBXBuildFile; fileRef = 16633948255488B5005C92FC /* NotesBrain.swift */; };
		1663394D25548EE5005C92FC /* NotesListViewController.swift in Sources */ = {isa = PBXBuildFile; fileRef = 1663394C25548EE5005C92FC /* NotesListViewController.swift */; };
		A4D51CC42556B6F400E5B9CD /* CreateViewController.swift in Sources */ = {isa = PBXBuildFile; fileRef = A4D51CC32556B6F400E5B9CD /* CreateViewController.swift */; };
/* End PBXBuildFile section */

/* Begin PBXFileReference section */
		160EACD62552EE600012DCED /* Homework3.app */ = {isa = PBXFileReference; explicitFileType = wrapper.application; includeInIndex = 0; path = Homework3.app; sourceTree = BUILT_PRODUCTS_DIR; };
		160EACD92552EE600012DCED /* AppDelegate.swift */ = {isa = PBXFileReference; lastKnownFileType = sourcecode.swift; path = AppDelegate.swift; sourceTree = "<group>"; };
		160EACDB2552EE600012DCED /* SceneDelegate.swift */ = {isa = PBXFileReference; lastKnownFileType = sourcecode.swift; path = SceneDelegate.swift; sourceTree = "<group>"; };
		160EACDD2552EE600012DCED /* ViewController.swift */ = {isa = PBXFileReference; lastKnownFileType = sourcecode.swift; path = ViewController.swift; sourceTree = "<group>"; };
		160EACE02552EE600012DCED /* Base */ = {isa = PBXFileReference; lastKnownFileType = file.storyboard; name = Base; path = Base.lproj/Main.storyboard; sourceTree = "<group>"; };
		160EACE22552EE610012DCED /* Assets.xcassets */ = {isa = PBXFileReference; lastKnownFileType = folder.assetcatalog; path = Assets.xcassets; sourceTree = "<group>"; };
		160EACE52552EE610012DCED /* Base */ = {isa = PBXFileReference; lastKnownFileType = file.storyboard; name = Base; path = Base.lproj/LaunchScreen.storyboard; sourceTree = "<group>"; };
		160EACE72552EE610012DCED /* Info.plist */ = {isa = PBXFileReference; lastKnownFileType = text.plist.xml; path = Info.plist; sourceTree = "<group>"; };
		1643437A257173480064B20E /* NotesDataModel.xcdatamodel */ = {isa = PBXFileReference; lastKnownFileType = wrapper.xcdatamodel; path = NotesDataModel.xcdatamodel; sourceTree = "<group>"; };
		16633948255488B5005C92FC /* NotesBrain.swift */ = {isa = PBXFileReference; lastKnownFileType = sourcecode.swift; path = NotesBrain.swift; sourceTree = "<group>"; };
		1663394C25548EE5005C92FC /* NotesListViewController.swift */ = {isa = PBXFileReference; lastKnownFileType = sourcecode.swift; path = NotesListViewController.swift; sourceTree = "<group>"; };
		A4D51CC32556B6F400E5B9CD /* CreateViewController.swift */ = {isa = PBXFileReference; lastKnownFileType = sourcecode.swift; path = CreateViewController.swift; sourceTree = "<group>"; };
/* End PBXFileReference section */

/* Begin PBXFrameworksBuildPhase section */
		160EACD32552EE600012DCED /* Frameworks */ = {
			isa = PBXFrameworksBuildPhase;
			buildActionMask = 2147483647;
			files = (
			);
			runOnlyForDeploymentPostprocessing = 0;
		};
/* End PBXFrameworksBuildPhase section */

/* Begin PBXGroup section */
		160EACCD2552EE600012DCED = {
			isa = PBXGroup;
			children = (
				160EACD82552EE600012DCED /* Homework3 */,
				160EACD72552EE600012DCED /* Products */,
			);
			sourceTree = "<group>";
		};
		160EACD72552EE600012DCED /* Products */ = {
			isa = PBXGroup;
			children = (
				160EACD62552EE600012DCED /* Homework3.app */,
			);
			name = Products;
			sourceTree = "<group>";
		};
		160EACD82552EE600012DCED /* Homework3 */ = {
			isa = PBXGroup;
			children = (
				160EACD92552EE600012DCED /* AppDelegate.swift */,
				160EACDB2552EE600012DCED /* SceneDelegate.swift */,
				1663394725548886005C92FC /* Model */,
				16DA77352558437D00C9535D /* View */,
				16DA77332558436E00C9535D /* Controller */,
				160EACE22552EE610012DCED /* Assets.xcassets */,
				160EACE42552EE610012DCED /* LaunchScreen.storyboard */,
				16434379257173480064B20E /* NotesDataModel.xcdatamodeld */,
				160EACE72552EE610012DCED /* Info.plist */,
			);
			path = Homework3;
			sourceTree = "<group>";
		};
		1663394725548886005C92FC /* Model */ = {
			isa = PBXGroup;
			children = (
				16633948255488B5005C92FC /* NotesBrain.swift */,
			);
			path = Model;
			sourceTree = "<group>";
		};
		16DA77332558436E00C9535D /* Controller */ = {
			isa = PBXGroup;
			children = (
				160EACDD2552EE600012DCED /* ViewController.swift */,
				1663394C25548EE5005C92FC /* NotesListViewController.swift */,
				A4D51CC32556B6F400E5B9CD /* CreateViewController.swift */,
			);
			path = Controller;
			sourceTree = "<group>";
		};
		16DA77352558437D00C9535D /* View */ = {
			isa = PBXGroup;
			children = (
				160EACDF2552EE600012DCED /* Main.storyboard */,
			);
			path = View;
			sourceTree = "<group>";
		};
/* End PBXGroup section */

/* Begin PBXNativeTarget section */
		160EACD52552EE600012DCED /* Homework3 */ = {
			isa = PBXNativeTarget;
			buildConfigurationList = 160EACEA2552EE610012DCED /* Build configuration list for PBXNativeTarget "Homework3" */;
			buildPhases = (
				160EACD22552EE600012DCED /* Sources */,
				160EACD32552EE600012DCED /* Frameworks */,
				160EACD42552EE600012DCED /* Resources */,
			);
			buildRules = (
			);
			dependencies = (
			);
			name = Homework3;
			productName = Homework2;
			productReference = 160EACD62552EE600012DCED /* Homework3.app */;
			productType = "com.apple.product-type.application";
		};
/* End PBXNativeTarget section */

/* Begin PBXProject section */
		160EACCE2552EE600012DCED /* Project object */ = {
			isa = PBXProject;
			attributes = {
				LastSwiftUpdateCheck = 1200;
				LastUpgradeCheck = 1200;
				TargetAttributes = {
					160EACD52552EE600012DCED = {
						CreatedOnToolsVersion = 12.0.1;
					};
				};
			};
			buildConfigurationList = 160EACD12552EE600012DCED /* Build configuration list for PBXProject "Homework3" */;
			compatibilityVersion = "Xcode 9.3";
			developmentRegion = en;
			hasScannedForEncodings = 0;
			knownRegions = (
				en,
				Base,
			);
			mainGroup = 160EACCD2552EE600012DCED;
			productRefGroup = 160EACD72552EE600012DCED /* Products */;
			projectDirPath = "";
			projectRoot = "";
			targets = (
				160EACD52552EE600012DCED /* Homework3 */,
			);
		};
/* End PBXProject section */

/* Begin PBXResourcesBuildPhase section */
		160EACD42552EE600012DCED /* Resources */ = {
			isa = PBXResourcesBuildPhase;
			buildActionMask = 2147483647;
			files = (
				160EACE62552EE610012DCED /* LaunchScreen.storyboard in Resources */,
				160EACE32552EE610012DCED /* Assets.xcassets in Resources */,
				160EACE12552EE600012DCED /* Main.storyboard in Resources */,
			);
			runOnlyForDeploymentPostprocessing = 0;
		};
/* End PBXResourcesBuildPhase section */

/* Begin PBXSourcesBuildPhase section */
		160EACD22552EE600012DCED /* Sources */ = {
			isa = PBXSourcesBuildPhase;
			buildActionMask = 2147483647;
			files = (
				1643437B257173480064B20E /* NotesDataModel.xcdatamodeld in Sources */,
				16633949255488B5005C92FC /* NotesBrain.swift in Sources */,
				160EACDE2552EE600012DCED /* ViewController.swift in Sources */,
				A4D51CC42556B6F400E5B9CD /* CreateViewController.swift in Sources */,
				1663394D25548EE5005C92FC /* NotesListViewController.swift in Sources */,
				160EACDA2552EE600012DCED /* AppDelegate.swift in Sources */,
				160EACDC2552EE600012DCED /* SceneDelegate.swift in Sources */,
			);
			runOnlyForDeploymentPostprocessing = 0;
		};
/* End PBXSourcesBuildPhase section */

/* Begin PBXVariantGroup section */
		160EACDF2552EE600012DCED /* Main.storyboard */ = {
			isa = PBXVariantGroup;
			children = (
				160EACE02552EE600012DCED /* Base */,
			);
			name = Main.storyboard;
			sourceTree = "<group>";
		};
		160EACE42552EE610012DCED /* LaunchScreen.storyboard */ = {
			isa = PBXVariantGroup;
			children = (
				160EACE52552EE610012DCED /* Base */,
			);
			name = LaunchScreen.storyboard;
			sourceTree = "<group>";
		};
/* End PBXVariantGroup section */

/* Begin XCBuildConfiguration section */
		160EACE82552EE610012DCED /* Debug */ = {
			isa = XCBuildConfiguration;
			buildSettings = {
				ALWAYS_SEARCH_USER_PATHS = NO;
				CLANG_ANALYZER_NONNULL = YES;
				CLANG_ANALYZER_NUMBER_OBJECT_CONVERSION = YES_AGGRESSIVE;
				CLANG_CXX_LANGUAGE_STANDARD = "gnu++14";
				CLANG_CXX_LIBRARY = "libc++";
				CLANG_ENABLE_MODULES = YES;
				CLANG_ENABLE_OBJC_ARC = YES;
				CLANG_ENABLE_OBJC_WEAK = YES;
				CLANG_WARN_BLOCK_CAPTURE_AUTORELEASING = YES;
				CLANG_WARN_BOOL_CONVERSION = YES;
				CLANG_WARN_COMMA = YES;
				CLANG_WARN_CONSTANT_CONVERSION = YES;
				CLANG_WARN_DEPRECATED_OBJC_IMPLEMENTATIONS = YES;
				CLANG_WARN_DIRECT_OBJC_ISA_USAGE = YES_ERROR;
				CLANG_WARN_DOCUMENTATION_COMMENTS = YES;
				CLANG_WARN_EMPTY_BODY = YES;
				CLANG_WARN_ENUM_CONVERSION = YES;
				CLANG_WARN_INFINITE_RECURSION = YES;
				CLANG_WARN_INT_CONVERSION = YES;
				CLANG_WARN_NON_LITERAL_NULL_CONVERSION = YES;
				CLANG_WARN_OBJC_IMPLICIT_RETAIN_SELF = YES;
				CLANG_WARN_OBJC_LITERAL_CONVERSION = YES;
				CLANG_WARN_OBJC_ROOT_CLASS = YES_ERROR;
				CLANG_WARN_QUOTED_INCLUDE_IN_FRAMEWORK_HEADER = YES;
				CLANG_WARN_RANGE_LOOP_ANALYSIS = YES;
				CLANG_WARN_STRICT_PROTOTYPES = YES;
				CLANG_WARN_SUSPICIOUS_MOVE = YES;
				CLANG_WARN_UNGUARDED_AVAILABILITY = YES_AGGRESSIVE;
				CLANG_WARN_UNREACHABLE_CODE = YES;
				CLANG_WARN__DUPLICATE_METHOD_MATCH = YES;
				COPY_PHASE_STRIP = NO;
				DEBUG_INFORMATION_FORMAT = dwarf;
				ENABLE_STRICT_OBJC_MSGSEND = YES;
				ENABLE_TESTABILITY = YES;
				GCC_C_LANGUAGE_STANDARD = gnu11;
				GCC_DYNAMIC_NO_PIC = NO;
				GCC_NO_COMMON_BLOCKS = YES;
				GCC_OPTIMIZATION_LEVEL = 0;
				GCC_PREPROCESSOR_DEFINITIONS = (
					"DEBUG=1",
					"$(inherited)",
				);
				GCC_WARN_64_TO_32_BIT_CONVERSION = YES;
				GCC_WARN_ABOUT_RETURN_TYPE = YES_ERROR;
				GCC_WARN_UNDECLARED_SELECTOR = YES;
				GCC_WARN_UNINITIALIZED_AUTOS = YES_AGGRESSIVE;
				GCC_WARN_UNUSED_FUNCTION = YES;
				GCC_WARN_UNUSED_VARIABLE = YES;
				IPHONEOS_DEPLOYMENT_TARGET = 14.0;
				MTL_ENABLE_DEBUG_INFO = INCLUDE_SOURCE;
				MTL_FAST_MATH = YES;
				ONLY_ACTIVE_ARCH = YES;
				SDKROOT = iphoneos;
				SWIFT_ACTIVE_COMPILATION_CONDITIONS = DEBUG;
				SWIFT_OPTIMIZATION_LEVEL = "-Onone";
			};
			name = Debug;
		};
		160EACE92552EE610012DCED /* Release */ = {
			isa = XCBuildConfiguration;
			buildSettings = {
				ALWAYS_SEARCH_USER_PATHS = NO;
				CLANG_ANALYZER_NONNULL = YES;
				CLANG_ANALYZER_NUMBER_OBJECT_CONVERSION = YES_AGGRESSIVE;
				CLANG_CXX_LANGUAGE_STANDARD = "gnu++14";
				CLANG_CXX_LIBRARY = "libc++";
				CLANG_ENABLE_MODULES = YES;
				CLANG_ENABLE_OBJC_ARC = YES;
				CLANG_ENABLE_OBJC_WEAK = YES;
				CLANG_WARN_BLOCK_CAPTURE_AUTORELEASING = YES;
				CLANG_WARN_BOOL_CONVERSION = YES;
				CLANG_WARN_COMMA = YES;
				CLANG_WARN_CONSTANT_CONVERSION = YES;
				CLANG_WARN_DEPRECATED_OBJC_IMPLEMENTATIONS = YES;
				CLANG_WARN_DIRECT_OBJC_ISA_USAGE = YES_ERROR;
				CLANG_WARN_DOCUMENTATION_COMMENTS = YES;
				CLANG_WARN_EMPTY_BODY = YES;
				CLANG_WARN_ENUM_CONVERSION = YES;
				CLANG_WARN_INFINITE_RECURSION = YES;
				CLANG_WARN_INT_CONVERSION = YES;
				CLANG_WARN_NON_LITERAL_NULL_CONVERSION = YES;
				CLANG_WARN_OBJC_IMPLICIT_RETAIN_SELF = YES;
				CLANG_WARN_OBJC_LITERAL_CONVERSION = YES;
				CLANG_WARN_OBJC_ROOT_CLASS = YES_ERROR;
				CLANG_WARN_QUOTED_INCLUDE_IN_FRAMEWORK_HEADER = YES;
				CLANG_WARN_RANGE_LOOP_ANALYSIS = YES;
				CLANG_WARN_STRICT_PROTOTYPES = YES;
				CLANG_WARN_SUSPICIOUS_MOVE = YES;
				CLANG_WARN_UNGUARDED_AVAILABILITY = YES_AGGRESSIVE;
				CLANG_WARN_UNREACHABLE_CODE = YES;
				CLANG_WARN__DUPLICATE_METHOD_MATCH = YES;
				COPY_PHASE_STRIP = NO;
				DEBUG_INFORMATION_FORMAT = "dwarf-with-dsym";
				ENABLE_NS_ASSERTIONS = NO;
				ENABLE_STRICT_OBJC_MSGSEND = YES;
				GCC_C_LANGUAGE_STANDARD = gnu11;
				GCC_NO_COMMON_BLOCKS = YES;
				GCC_WARN_64_TO_32_BIT_CONVERSION = YES;
				GCC_WARN_ABOUT_RETURN_TYPE = YES_ERROR;
				GCC_WARN_UNDECLARED_SELECTOR = YES;
				GCC_WARN_UNINITIALIZED_AUTOS = YES_AGGRESSIVE;
				GCC_WARN_UNUSED_FUNCTION = YES;
				GCC_WARN_UNUSED_VARIABLE = YES;
				IPHONEOS_DEPLOYMENT_TARGET = 14.0;
				MTL_ENABLE_DEBUG_INFO = NO;
				MTL_FAST_MATH = YES;
				SDKROOT = iphoneos;
				SWIFT_COMPILATION_MODE = wholemodule;
				SWIFT_OPTIMIZATION_LEVEL = "-O";
				VALIDATE_PRODUCT = YES;
			};
			name = Release;
		};
		160EACEB2552EE610012DCED /* Debug */ = {
			isa = XCBuildConfiguration;
			buildSettings = {
				ASSETCATALOG_COMPILER_APPICON_NAME = AppIcon;
				ASSETCATALOG_COMPILER_GLOBAL_ACCENT_COLOR_NAME = AccentColor;
				CODE_SIGN_STYLE = Automatic;
				DEVELOPMENT_TEAM = PA5Y59CXB7;
				INFOPLIST_FILE = Homework3/Info.plist;
				LD_RUNPATH_SEARCH_PATHS = (
					"$(inherited)",
					"@executable_path/Frameworks",
				);
				PRODUCT_BUNDLE_IDENTIFIER = marki.Homework3;
				PRODUCT_NAME = "$(TARGET_NAME)";
				SWIFT_VERSION = 5.0;
				TARGETED_DEVICE_FAMILY = "1,2";
			};
			name = Debug;
		};
		160EACEC2552EE610012DCED /* Release */ = {
			isa = XCBuildConfiguration;
			buildSettings = {
				ASSETCATALOG_COMPILER_APPICON_NAME = AppIcon;
				ASSETCATALOG_COMPILER_GLOBAL_ACCENT_COLOR_NAME = AccentColor;
				CODE_SIGN_STYLE = Automatic;
				DEVELOPMENT_TEAM = PA5Y59CXB7;
				INFOPLIST_FILE = Homework3/Info.plist;
				LD_RUNPATH_SEARCH_PATHS = (
					"$(inherited)",
					"@executable_path/Frameworks",
				);
				PRODUCT_BUNDLE_IDENTIFIER = marki.Homework3;
				PRODUCT_NAME = "$(TARGET_NAME)";
				SWIFT_VERSION = 5.0;
				TARGETED_DEVICE_FAMILY = "1,2";
			};
			name = Release;
		};
/* End XCBuildConfiguration section */

/* Begin XCConfigurationList section */
		160EACD12552EE600012DCED /* Build configuration list for PBXProject "Homework3" */ = {
			isa = XCConfigurationList;
			buildConfigurations = (
				160EACE82552EE610012DCED /* Debug */,
				160EACE92552EE610012DCED /* Release */,
			);
			defaultConfigurationIsVisible = 0;
			defaultConfigurationName = Release;
		};
		160EACEA2552EE610012DCED /* Build configuration list for PBXNativeTarget "Homework3" */ = {
			isa = XCConfigurationList;
			buildConfigurations = (
				160EACEB2552EE610012DCED /* Debug */,
				160EACEC2552EE610012DCED /* Release */,
			);
			defaultConfigurationIsVisible = 0;
			defaultConfigurationName = Release;
		};
/* End XCConfigurationList section */

/* Begin XCVersionGroup section */
		16434379257173480064B20E /* NotesDataModel.xcdatamodeld */ = {
			isa = XCVersionGroup;
			children = (
				1643437A257173480064B20E /* NotesDataModel.xcdatamodel */,
			);
			currentVersion = 1643437A257173480064B20E /* NotesDataModel.xcdatamodel */;
			path = NotesDataModel.xcdatamodeld;
			sourceTree = "<group>";
			versionGroupType = wrapper.xcdatamodel;
		};
/* End XCVersionGroup section */
	};
	rootObject = 160EACCE2552EE600012DCED /* Project object */;
}
